lockfileVersion: 5.4

specifiers:
  '@playwright/test': ^1.26.0
  '@sveltejs/adapter-cloudflare': ^1.0.0-next.38
  '@sveltejs/kit': 1.0.0-next.495
  dayjs: ^1.11.5
  prettier: ^2.7.1
  prettier-plugin-svelte: ^2.7.0
  svelte: ^3.50.1
  svelte-french-toast: ^1.0.3
  vite: ^3.1.3

dependencies:
  dayjs: 1.11.5
  svelte-french-toast: 1.0.3_svelte@3.50.1

devDependencies:
  '@playwright/test': 1.26.0
  '@sveltejs/adapter-cloudflare': 1.0.0-next.38
  '@sveltejs/kit': 1.0.0-next.495_svelte@3.50.1+vite@3.1.3
  prettier: 2.7.1
  prettier-plugin-svelte: 2.7.0_nk6d2fkgcllkkdynqbuearcure
  svelte: 3.50.1
  vite: 3.1.3

packages:
  /@cloudflare/workers-types/3.16.0:
    resolution:
      {
        integrity: sha512-gaBUSaKS65mN3iKZEgichbXYEmAa/pXkc5Gbt+1BptYphdGkj09ggdsiE4w8g0F/uI1g36QaTKrzVnBAWMipvQ==
      }
    dev: true

  /@esbuild/android-arm/0.15.8:
    resolution:
      {
        integrity: sha512-CyEWALmn+no/lbgbAJsbuuhT8s2J19EJGHkeyAwjbFJMrj80KJ9zuYsoAvidPTU7BgBf87r/sgae8Tw0dbOc4Q==
      }
    engines: { node: '>=12' }
    cpu: [arm]
    os: [android]
    requiresBuild: true
    dependencies:
      esbuild-wasm: 0.15.8
    dev: true
    optional: true

  /@esbuild/linux-loong64/0.15.8:
    resolution:
      {
        integrity: sha512-pE5RQsOTSERCtfZdfCT25wzo7dfhOSlhAXcsZmuvRYhendOv7djcdvtINdnDp2DAjP17WXlBB4nBO6sHLczmsg==
      }
    engines: { node: '>=12' }
    cpu: [loong64]
    os: [linux]
    requiresBuild: true
    dev: true
    optional: true

  /@playwright/test/1.26.0:
    resolution:
      {
        integrity: sha512-D24pu1k/gQw3Lhbpc38G5bXlBjGDrH5A52MsrH12wz6ohGDeQ+aZg/JFSEsT/B3G8zlJe/EU4EkJK74hpqsjEg==
      }
    engines: { node: '>=14' }
    hasBin: true
    dependencies:
      '@types/node': 18.7.18
      playwright-core: 1.26.0
    dev: true

  /@polka/url/1.0.0-next.21:
    resolution:
      {
        integrity: sha512-a5Sab1C4/icpTZVzZc5Ghpz88yQtGOyNqYXcZgOssB2uuAr+wF/MvN6bgtW32q7HHrvBki+BsZ0OuNv6EV3K9g==
      }
    dev: true

  /@rollup/pluginutils/4.2.1:
    resolution:
      {
        integrity: sha512-iKnFXr7NkdZAIHiIWE+BX5ULi/ucVFYWD6TbAV+rZctiRTY2PL6tsIKhoIOaoskiWAkgu+VsbXgUVDNLHf+InQ==
      }
    engines: { node: '>= 8.0.0' }
    dependencies:
      estree-walker: 2.0.2
      picomatch: 2.3.1
    dev: true

  /@sveltejs/adapter-cloudflare/1.0.0-next.38:
    resolution:
      {
        integrity: sha512-N6jdTomRZkdKlcNoguwYD7lpdXSt0beIyUJsp0MS/YLm/4gI83y698zFYInFKJ9t5e6DAnuEBSAXcg568z2oFA==
      }
    dependencies:
      '@cloudflare/workers-types': 3.16.0
      esbuild: 0.15.8
      worktop: 0.8.0-next.14
    dev: true

  /@sveltejs/kit/1.0.0-next.495_svelte@3.50.1+vite@3.1.3:
    resolution:
      {
        integrity: sha512-L40WyR7mvnt5GwoIjS03bJHvbgpxvEb6x64ZSnVQZl5yCGUi4eRqE6AxR1qL54vxDjjTHYCmq8ghbOqV4l+HyA==
      }
    engines: { node: '>=16.14' }
    hasBin: true
    requiresBuild: true
    peerDependencies:
      svelte: ^3.44.0
      vite: ^3.1.0
    dependencies:
      '@sveltejs/vite-plugin-svelte': 1.0.8_svelte@3.50.1+vite@3.1.3
      '@types/cookie': 0.5.1
      cookie: 0.5.0
      devalue: 3.1.3
      kleur: 4.1.5
      magic-string: 0.26.4
      mime: 3.0.0
      node-fetch: 3.2.10
      sade: 1.8.1
      set-cookie-parser: 2.5.1
      sirv: 2.0.2
      svelte: 3.50.1
      tiny-glob: 0.2.9
      undici: 5.10.0
      vite: 3.1.3
    transitivePeerDependencies:
      - diff-match-patch
      - supports-color
    dev: true

  /@sveltejs/vite-plugin-svelte/1.0.8_svelte@3.50.1+vite@3.1.3:
    resolution:
      {
        integrity: sha512-1xkVTB4pm6zuign858FzVYE9Fdw9MQBOlxrdd85STV0NvTDmcofcRpcrK+zcIyT8SZ2dseHLu8hvDwzssF6RfA==
      }
    engines: { node: ^14.18.0 || >= 16 }
    peerDependencies:
      diff-match-patch: ^1.0.5
      svelte: ^3.44.0
      vite: ^3.0.0
    peerDependenciesMeta:
      diff-match-patch:
        optional: true
    dependencies:
      '@rollup/pluginutils': 4.2.1
      debug: 4.3.4
      deepmerge: 4.2.2
      kleur: 4.1.5
      magic-string: 0.26.4
      svelte: 3.50.1
      svelte-hmr: 0.15.0_svelte@3.50.1
      vite: 3.1.3
    transitivePeerDependencies:
      - supports-color
    dev: true

  /@types/cookie/0.5.1:
    resolution:
      {
        integrity: sha512-COUnqfB2+ckwXXSFInsFdOAWQzCCx+a5hq2ruyj+Vjund94RJQd4LG2u9hnvJrTgunKAaax7ancBYlDrNYxA0g==
      }
    dev: true

  /@types/node/18.7.18:
    resolution:
      {
        integrity: sha512-m+6nTEOadJZuTPkKR/SYK3A2d7FZrgElol9UP1Kae90VVU4a6mxnPuLiIW1m4Cq4gZ/nWb9GrdVXJCoCazDAbg==
      }
    dev: true

  /cookie/0.5.0:
    resolution:
      {
        integrity: sha512-YZ3GUyn/o8gfKJlnlX7g7xq4gyO6OSuhGPKaaGssGB2qgDUS0gPgtTvoyZLTt9Ab6dC4hfc9dV5arkvc/OCmrw==
      }
    engines: { node: '>= 0.6' }
    dev: true

  /data-uri-to-buffer/4.0.0:
    resolution:
      {
        integrity: sha512-Vr3mLBA8qWmcuschSLAOogKgQ/Jwxulv3RNE4FXnYWRGujzrRWQI4m12fQqRkwX06C0KanhLr4hK+GydchZsaA==
      }
    engines: { node: '>= 12' }
    dev: true

  /dayjs/1.11.5:
    resolution:
      {
        integrity: sha512-CAdX5Q3YW3Gclyo5Vpqkgpj8fSdLQcRuzfX6mC6Phy0nfJ0eGYOeS7m4mt2plDWLAtA4TqTakvbboHvUxfe4iA==
      }
    dev: false

  /debug/4.3.4:
    resolution:
      {
        integrity: sha512-PRWFHuSU3eDtQJPvnNY7Jcket1j0t5OuOsFzPPzsekD52Zl8qUfFIPEiswXqIvHWGVHOgX+7G/vCNNhehwxfkQ==
      }
    engines: { node: '>=6.0' }
    peerDependencies:
      supports-color: '*'
    peerDependenciesMeta:
      supports-color:
        optional: true
    dependencies:
      ms: 2.1.2
    dev: true

  /deepmerge/4.2.2:
    resolution:
      {
        integrity: sha512-FJ3UgI4gIl+PHZm53knsuSFpE+nESMr7M4v9QcgB7S63Kj/6WqMiFQJpBBYz1Pt+66bZpP3Q7Lye0Oo9MPKEdg==
      }
    engines: { node: '>=0.10.0' }
    dev: true

  /devalue/3.1.3:
    resolution:
      {
        integrity: sha512-9KO89Cb+qjzf2CqdrH+NuLaqdk9GhDP5EhR4zlkR51dvuIaiqtlkDkGzLMShDemwUy21raSMdu+kpX8Enw3yGQ==
      }
    dev: true

  /esbuild-android-64/0.15.8:
    resolution:
      {
        integrity: sha512-bVh8FIKOolF7/d4AMzt7xHlL0Ljr+mYKSHI39TJWDkybVWHdn6+4ODL3xZGHOxPpdRpitemXA1WwMKYBsw8dGw==
      }
    engines: { node: '>=12' }
    cpu: [x64]
    os: [android]
    requiresBuild: true
    dependencies:
      esbuild-wasm: 0.15.8
    dev: true
    optional: true

  /esbuild-android-arm64/0.15.8:
    resolution:
      {
        integrity: sha512-ReAMDAHuo0H1h9LxRabI6gwYPn8k6WiUeyxuMvx17yTrJO+SCnIfNc/TSPFvDwtK9MiyiKG/2dBYHouT/M0BXQ==
      }
    engines: { node: '>=12' }
    cpu: [arm64]
    os: [android]
    requiresBuild: true
    dev: true
    optional: true

  /esbuild-darwin-64/0.15.8:
    resolution:
      {
        integrity: sha512-KaKcGfJ+yto7Fo5gAj3xwxHMd1fBIKatpCHK8znTJLVv+9+NN2/tIPBqA4w5rBwjX0UqXDeIE2v1xJP+nGEXgA==
      }
    engines: { node: '>=12' }
    cpu: [x64]
    os: [darwin]
    requiresBuild: true
    dev: true
    optional: true

  /esbuild-darwin-arm64/0.15.8:
    resolution:
      {
        integrity: sha512-8tjEaBgAKnXCkP7bhEJmEqdG9HEV6oLkF36BrMzpfW2rgaw0c48Zrxe+9RlfeGvs6gDF4w+agXyTjikzsS3izw==
      }
    engines: { node: '>=12' }
    cpu: [arm64]
    os: [darwin]
    requiresBuild: true
    dev: true
    optional: true

  /esbuild-freebsd-64/0.15.8:
    resolution:
      {
        integrity: sha512-jaxcsGHYzn2L0/lffON2WfH4Nc+d/EwozVTP5K2v016zxMb5UQMhLoJzvLgBqHT1SG0B/mO+a+THnJCMVg15zw==
      }
    engines: { node: '>=12' }
    cpu: [x64]
    os: [freebsd]
    requiresBuild: true
    dev: true
    optional: true

  /esbuild-freebsd-arm64/0.15.8:
    resolution:
      {
        integrity: sha512-2xp2UlljMvX8HExtcg7VHaeQk8OBU0CSl1j18B5CcZmSDkLF9p3utuMXIopG3a08fr9Hv+Dz6+seSXUow/G51w==
      }
    engines: { node: '>=12' }
    cpu: [arm64]
    os: [freebsd]
    requiresBuild: true
    dev: true
    optional: true

  /esbuild-linux-32/0.15.8:
    resolution:
      {
        integrity: sha512-9u1E54BRz1FQMl86iaHK146+4ID2KYNxL3trLZT4QLLx3M7Q9n4lGG3lrzqUatGR2cKy8c33b0iaCzsItZWkFg==
      }
    engines: { node: '>=12' }
    cpu: [ia32]
    os: [linux]
    requiresBuild: true
    dev: true
    optional: true

  /esbuild-linux-64/0.15.8:
    resolution:
      {
        integrity: sha512-4HxrsN9eUzJXdVGMTYA5Xler82FuZUu21bXKN42zcLHHNKCAMPUzD62I+GwDhsdgUBAUj0tRXDdsQHgaP6v0HA==
      }
    engines: { node: '>=12' }
    cpu: [x64]
    os: [linux]
    requiresBuild: true
    dev: true
    optional: true

  /esbuild-linux-arm/0.15.8:
    resolution:
      {
        integrity: sha512-7DVBU9SFjX4+vBwt8tHsUCbE6Vvl6y6FQWHAgyw1lybC5gULqn/WnjHYHN2/LJaZRsDBvxWT4msEgwLGq1Wd3Q==
      }
    engines: { node: '>=12' }
    cpu: [arm]
    os: [linux]
    requiresBuild: true
    dev: true
    optional: true

  /esbuild-linux-arm64/0.15.8:
    resolution:
      {
        integrity: sha512-1OCm7Aq0tEJT70PbxmHSGYDLYP8DKH8r4Nk7/XbVzWaduo9beCjGBB+tGZIHK6DdTQ3h00/4Tb/70YMH/bOtKg==
      }
    engines: { node: '>=12' }
    cpu: [arm64]
    os: [linux]
    requiresBuild: true
    dev: true
    optional: true

  /esbuild-linux-mips64le/0.15.8:
    resolution:
      {
        integrity: sha512-yeFoNPVFPEzZvFYBfUQNG2TjGRaCyV1E27OcOg4LOtnGrxb2wA+mkW3luckyv1CEyd00mpAg7UdHx8nlx3ghgA==
      }
    engines: { node: '>=12' }
    cpu: [mips64el]
    os: [linux]
    requiresBuild: true
    dev: true
    optional: true

  /esbuild-linux-ppc64le/0.15.8:
    resolution:
      {
        integrity: sha512-CEyMMUUNabXibw8OSNmBXhOIGhnjNVl5Lpseiuf00iKN0V47oqDrbo4dsHz1wH62m49AR8iG8wpDlTqfYgKbtg==
      }
    engines: { node: '>=12' }
    cpu: [ppc64]
    os: [linux]
    requiresBuild: true
    dev: true
    optional: true

  /esbuild-linux-riscv64/0.15.8:
    resolution:
      {
        integrity: sha512-OCGSOaspMUjexSCU8ZiA0UnV/NiRU+s2vIfEcAQWQ6u32R+2luyfh/4ZaY6jFbylJE07Esc/yRvb9Q5fXuClXA==
      }
    engines: { node: '>=12' }
    cpu: [riscv64]
    os: [linux]
    requiresBuild: true
    dev: true
    optional: true

  /esbuild-linux-s390x/0.15.8:
    resolution:
      {
        integrity: sha512-RHdpdfxRTSrZXZJlFSLazFU4YwXLB5Rgf6Zr5rffqSsO4y9JybgtKO38bFwxZNlDXliYISXN/YROKrG9s7mZQA==
      }
    engines: { node: '>=12' }
    cpu: [s390x]
    os: [linux]
    requiresBuild: true
    dev: true
    optional: true

  /esbuild-netbsd-64/0.15.8:
    resolution:
      {
        integrity: sha512-VolFFRatBH09T5QMWhiohAWCOien1R1Uz9K0BRVVTBgBaVBt7eArsXTKxVhUgRf2vwu2c2SXkuP0r7HLG0eozw==
      }
    engines: { node: '>=12' }
    cpu: [x64]
    os: [netbsd]
    requiresBuild: true
    dev: true
    optional: true

  /esbuild-openbsd-64/0.15.8:
    resolution:
      {
        integrity: sha512-HTAPlg+n4kUeE/isQxlCfsOz0xJGNoT5LJ9oYZWFKABfVf4Ycu7Zlf5ITgOnrdheTkz8JeL/gISIOCFAoOXrSA==
      }
    engines: { node: '>=12' }
    cpu: [x64]
    os: [openbsd]
    requiresBuild: true
    dev: true
    optional: true

  /esbuild-sunos-64/0.15.8:
    resolution:
      {
        integrity: sha512-qMP/jR/FzcIOwKj+W+Lb+8Cfr8GZHbHUJxAPi7DUhNZMQ/6y7sOgRzlOSpRrbbUntrRZh0MqOyDhJ3Gpo6L1QA==
      }
    engines: { node: '>=12' }
    cpu: [x64]
    os: [sunos]
    requiresBuild: true
    dev: true
    optional: true

  /esbuild-wasm/0.15.8:
    resolution:
      {
        integrity: sha512-Y7uCl5RNO4URjlemjdx++ukVHEMt5s5AfMWYUnMiK4Sry+pPCvQIctzXq6r6FKCyGKjX6/NGMCqR2OX6aLxj0w==
      }
    engines: { node: '>=12' }
    hasBin: true
    requiresBuild: true
    dev: true
    optional: true

  /esbuild-windows-32/0.15.8:
    resolution:
      {
        integrity: sha512-RKR1QHh4iWzjUhkP8Yqi75PPz/KS+b8zw3wUrzw6oAkj+iU5Qtyj61ZDaSG3Qf2vc6hTIUiPqVTqBH0NpXFNwg==
      }
    engines: { node: '>=12' }
    cpu: [ia32]
    os: [win32]
    requiresBuild: true
    dev: true
    optional: true

  /esbuild-windows-64/0.15.8:
    resolution:
      {
        integrity: sha512-ag9ptYrsizgsR+PQE8QKeMqnosLvAMonQREpLw4evA4FFgOBMLEat/dY/9txbpozTw9eEOYyD3a4cE9yTu20FA==
      }
    engines: { node: '>=12' }
    cpu: [x64]
    os: [win32]
    requiresBuild: true
    dev: true
    optional: true

  /esbuild-windows-arm64/0.15.8:
    resolution:
      {
        integrity: sha512-dbpAb0VyPaUs9mgw65KRfQ9rqiWCHpNzrJusoPu+LpEoswosjt/tFxN7cd2l68AT4qWdBkzAjDLRon7uqMeWcg==
      }
    engines: { node: '>=12' }
    cpu: [arm64]
    os: [win32]
    requiresBuild: true
    dev: true
    optional: true

  /esbuild/0.15.8:
    resolution:
      {
        integrity: sha512-Remsk2dmr1Ia65sU+QasE6svJbsHe62lzR+CnjpUvbZ+uSYo1SitiOWPRfZQkCu82YWZBBKXiD/j0i//XWMZ+Q==
      }
    engines: { node: '>=12' }
    hasBin: true
    requiresBuild: true
    optionalDependencies:
      '@esbuild/android-arm': 0.15.8
      '@esbuild/linux-loong64': 0.15.8
      esbuild-android-64: 0.15.8
      esbuild-android-arm64: 0.15.8
      esbuild-darwin-64: 0.15.8
      esbuild-darwin-arm64: 0.15.8
      esbuild-freebsd-64: 0.15.8
      esbuild-freebsd-arm64: 0.15.8
      esbuild-linux-32: 0.15.8
      esbuild-linux-64: 0.15.8
      esbuild-linux-arm: 0.15.8
      esbuild-linux-arm64: 0.15.8
      esbuild-linux-mips64le: 0.15.8
      esbuild-linux-ppc64le: 0.15.8
      esbuild-linux-riscv64: 0.15.8
      esbuild-linux-s390x: 0.15.8
      esbuild-netbsd-64: 0.15.8
      esbuild-openbsd-64: 0.15.8
      esbuild-sunos-64: 0.15.8
      esbuild-windows-32: 0.15.8
      esbuild-windows-64: 0.15.8
      esbuild-windows-arm64: 0.15.8
    dev: true

  /estree-walker/2.0.2:
    resolution:
      {
        integrity: sha512-Rfkk/Mp/DL7JVje3u18FxFujQlTNR2q6QfMSMB7AvCBx91NGj/ba3kCfza0f6dVDbw7YlRf/nDrn7pQrCCyQ/w==
      }
    dev: true

  /fetch-blob/3.2.0:
    resolution:
      {
        integrity: sha512-7yAQpD2UMJzLi1Dqv7qFYnPbaPx7ZfFK6PiIxQ4PfkGPyNyl2Ugx+a/umUonmKqjhM4DnfbMvdX6otXq83soQQ==
      }
    engines: { node: ^12.20 || >= 14.13 }
    dependencies:
      node-domexception: 1.0.0
      web-streams-polyfill: 3.2.1
    dev: true

  /formdata-polyfill/4.0.10:
    resolution:
      {
        integrity: sha512-buewHzMvYL29jdeQTVILecSaZKnt/RJWjoZCF5OW60Z67/GmSLBkOFM7qh1PI3zFNtJbaZL5eQu1vLfazOwj4g==
      }
    engines: { node: '>=12.20.0' }
    dependencies:
      fetch-blob: 3.2.0
    dev: true

  /fsevents/2.3.2:
    resolution:
      {
        integrity: sha512-xiqMQR4xAeHTuB9uWm+fFRcIOgKBMiOBP+eXiyT7jsgVCq1bkVygt00oASowB7EdtpOHaaPgKt812P9ab+DDKA==
      }
    engines: { node: ^8.16.0 || ^10.6.0 || >=11.0.0 }
    os: [darwin]
    requiresBuild: true
    dev: true
    optional: true

  /function-bind/1.1.1:
    resolution:
      {
        integrity: sha512-yIovAzMX49sF8Yl58fSCWJ5svSLuaibPxXQJFLmBObTuCr0Mf1KiPopGM9NiFjiYBCbfaa2Fh6breQ6ANVTI0A==
      }
    dev: true

  /globalyzer/0.1.0:
    resolution:
      {
        integrity: sha512-40oNTM9UfG6aBmuKxk/giHn5nQ8RVz/SS4Ir6zgzOv9/qC3kKZ9v4etGTcJbEl/NyVQH7FGU7d+X1egr57Md2Q==
      }
    dev: true

  /globrex/0.1.2:
    resolution:
      {
        integrity: sha512-uHJgbwAMwNFf5mLst7IWLNg14x1CkeqglJb/K3doi4dw6q2IvAAmM/Y81kevy83wP+Sst+nutFTYOGg3d1lsxg==
      }
    dev: true

  /has/1.0.3:
    resolution:
      {
        integrity: sha512-f2dvO0VU6Oej7RkWJGrehjbzMAjFp5/VKPp5tTpWIV4JHHZK1/BxbFRtf/siA2SWTe09caDmVtYYzWEIbBS4zw==
      }
    engines: { node: '>= 0.4.0' }
    dependencies:
      function-bind: 1.1.1
    dev: true

  /is-core-module/2.10.0:
    resolution:
      {
        integrity: sha512-Erxj2n/LDAZ7H8WNJXd9tw38GYM3dv8rk8Zcs+jJuxYTW7sozH+SS8NtrSjVL1/vpLvWi1hxy96IzjJ3EHTJJg==
      }
    dependencies:
      has: 1.0.3
    dev: true

  /kleur/4.1.5:
    resolution:
      {
        integrity: sha512-o+NO+8WrRiQEE4/7nwRJhN1HWpVmJm511pBHUxPLtp0BUISzlBplORYSmTclCnJvQq2tKu/sgl3xVpkc7ZWuQQ==
      }
    engines: { node: '>=6' }
    dev: true

  /magic-string/0.26.4:
    resolution:
      {
        integrity: sha512-e5uXtVJ22aEpK9u1+eQf0fSxHeqwyV19K+uGnlROCxUhzwRip9tBsaMViK/0vC3viyPd5Gtucp3UmEp/Q2cPTQ==
      }
    engines: { node: '>=12' }
    dependencies:
      sourcemap-codec: 1.4.8
    dev: true

  /mime/3.0.0:
    resolution:
      {
        integrity: sha512-jSCU7/VB1loIWBZe14aEYHU/+1UMEHoaO7qxCOVJOw9GgH72VAWppxNcjU+x9a2k3GSIBXNKxXQFqRvvZ7vr3A==
      }
    engines: { node: '>=10.0.0' }
    hasBin: true
    dev: true

  /mri/1.2.0:
    resolution:
      {
        integrity: sha512-tzzskb3bG8LvYGFF/mDTpq3jpI6Q9wc3LEmBaghu+DdCssd1FakN7Bc0hVNmEyGq1bq3RgfkCb3cmQLpNPOroA==
      }
    engines: { node: '>=4' }
    dev: true

  /mrmime/1.0.1:
    resolution:
      {
        integrity: sha512-hzzEagAgDyoU1Q6yg5uI+AorQgdvMCur3FcKf7NhMKWsaYg+RnbTyHRa/9IlLF9rf455MOCtcqqrQQ83pPP7Uw==
      }
    engines: { node: '>=10' }
    dev: true

  /ms/2.1.2:
    resolution:
      {
        integrity: sha512-sGkPx+VjMtmA6MX27oA4FBFELFCZZ4S4XqeGOXCv68tT+jb3vk/RyaKWP0PTKyWtmLSM0b+adUTEvbs1PEaH2w==
      }
    dev: true

  /nanoid/3.3.4:
    resolution:
      {
        integrity: sha512-MqBkQh/OHTS2egovRtLk45wEyNXwF+cokD+1YPf9u5VfJiRdAiRwB2froX5Co9Rh20xs4siNPm8naNotSD6RBw==
      }
    engines: { node: ^10 || ^12 || ^13.7 || ^14 || >=15.0.1 }
    hasBin: true
    dev: true

  /node-domexception/1.0.0:
    resolution:
      {
        integrity: sha512-/jKZoMpw0F8GRwl4/eLROPA3cfcXtLApP0QzLmUT/HuPCZWyB7IY9ZrMeKw2O/nFIqPQB3PVM9aYm0F312AXDQ==
      }
    engines: { node: '>=10.5.0' }
    dev: true

  /node-fetch/3.2.10:
    resolution:
      {
        integrity: sha512-MhuzNwdURnZ1Cp4XTazr69K0BTizsBroX7Zx3UgDSVcZYKF/6p0CBe4EUb/hLqmzVhl0UpYfgRljQ4yxE+iCxA==
      }
    engines: { node: ^12.20.0 || ^14.13.1 || >=16.0.0 }
    dependencies:
      data-uri-to-buffer: 4.0.0
      fetch-blob: 3.2.0
      formdata-polyfill: 4.0.10
    dev: true

  /path-parse/1.0.7:
    resolution:
      {
        integrity: sha512-LDJzPVEEEPR+y48z93A0Ed0yXb8pAByGWo/k5YYdYgpY2/2EsOsksJrq7lOHxryrVOn1ejG6oAp8ahvOIQD8sw==
      }
    dev: true

  /picocolors/1.0.0:
    resolution:
      {
        integrity: sha512-1fygroTLlHu66zi26VoTDv8yRgm0Fccecssto+MhsZ0D/DGW2sm8E8AjW7NU5VVTRt5GxbeZ5qBuJr+HyLYkjQ==
      }
    dev: true

  /picomatch/2.3.1:
    resolution:
      {
        integrity: sha512-JU3teHTNjmE2VCGFzuY8EXzCDVwEqB2a8fsIvwaStHhAWJEeVd1o1QD80CU6+ZdEXXSLbSsuLwJjkCBWqRQUVA==
      }
    engines: { node: '>=8.6' }
    dev: true

  /playwright-core/1.26.0:
    resolution:
      {
        integrity: sha512-p8huU8eU4gD3VkJd3DA1nA7R3XA6rFvFL+1RYS96cSljCF2yJE9CWEHTPF4LqX8KN9MoWCrAfVKP5381X3CZqg==
      }
    engines: { node: '>=14' }
    hasBin: true
    dev: true

  /postcss/8.4.16:
    resolution:
      {
        integrity: sha512-ipHE1XBvKzm5xI7hiHCZJCSugxvsdq2mPnsq5+UF+VHCjiBvtDrlxJfMBToWaP9D5XlgNmcFGqoHmUn0EYEaRQ==
      }
    engines: { node: ^10 || ^12 || >=14 }
    dependencies:
      nanoid: 3.3.4
      picocolors: 1.0.0
      source-map-js: 1.0.2
    dev: true

  /prettier-plugin-svelte/2.7.0_nk6d2fkgcllkkdynqbuearcure:
    resolution:
      {
        integrity: sha512-fQhhZICprZot2IqEyoiUYLTRdumULGRvw0o4dzl5jt0jfzVWdGqeYW27QTWAeXhoupEZJULmNoH3ueJwUWFLIA==
      }
    peerDependencies:
      prettier: ^1.16.4 || ^2.0.0
      svelte: ^3.2.0
    dependencies:
      prettier: 2.7.1
      svelte: 3.50.1
    dev: true

  /prettier/2.7.1:
    resolution:
      {
        integrity: sha512-ujppO+MkdPqoVINuDFDRLClm7D78qbDt0/NR+wp5FqEZOoTNAjPHWj17QRhu7geIHJfcNhRk1XVQmF8Bp3ye+g==
      }
    engines: { node: '>=10.13.0' }
    hasBin: true
    dev: true

  /regexparam/2.0.1:
    resolution:
      {
        integrity: sha512-zRgSaYemnNYxUv+/5SeoHI0eJIgTL/A2pUtXUPLHQxUldagouJ9p+K6IbIZ/JiQuCEv2E2B1O11SjVQy3aMCkw==
      }
    engines: { node: '>=8' }
    dev: true

  /resolve/1.22.1:
    resolution:
      {
        integrity: sha512-nBpuuYuY5jFsli/JIs1oldw6fOQCBioohqWZg/2hiaOybXOft4lonv85uDOKXdf8rhyK159cxU5cDcK/NKk8zw==
      }
    hasBin: true
    dependencies:
      is-core-module: 2.10.0
      path-parse: 1.0.7
      supports-preserve-symlinks-flag: 1.0.0
    dev: true

  /rollup/2.78.1:
    resolution:
      {
        integrity: sha512-VeeCgtGi4P+o9hIg+xz4qQpRl6R401LWEXBmxYKOV4zlF82lyhgh2hTZnheFUbANE8l2A41F458iwj2vEYaXJg==
      }
    engines: { node: '>=10.0.0' }
    hasBin: true
    optionalDependencies:
      fsevents: 2.3.2
    dev: true

  /sade/1.8.1:
    resolution:
      {
        integrity: sha512-xal3CZX1Xlo/k4ApwCFrHVACi9fBqJ7V+mwhBsuf/1IOKbBy098Fex+Wa/5QMubw09pSZ/u8EY8PWgevJsXp1A==
      }
    engines: { node: '>=6' }
    dependencies:
      mri: 1.2.0
    dev: true

  /set-cookie-parser/2.5.1:
    resolution:
      {
        integrity: sha512-1jeBGaKNGdEq4FgIrORu/N570dwoPYio8lSoYLWmX7sQ//0JY08Xh9o5pBcgmHQ/MbsYp/aZnOe1s1lIsbLprQ==
      }
    dev: true

  /sirv/2.0.2:
    resolution:
      {
        integrity: sha512-4Qog6aE29nIjAOKe/wowFTxOdmbEZKb+3tsLljaBRzJwtqto0BChD2zzH0LhgCSXiI+V7X+Y45v14wBZQ1TK3w==
      }
    engines: { node: '>= 10' }
    dependencies:
      '@polka/url': 1.0.0-next.21
      mrmime: 1.0.1
      totalist: 3.0.0
    dev: true

  /source-map-js/1.0.2:
    resolution:
      {
        integrity: sha512-R0XvVJ9WusLiqTCEiGCmICCMplcCkIwwR11mOSD9CR5u+IXYdiseeEuXCVAjS54zqwkLcPNnmU4OeJ6tUrWhDw==
      }
    engines: { node: '>=0.10.0' }
    dev: true

  /sourcemap-codec/1.4.8:
    resolution:
      {
        integrity: sha512-9NykojV5Uih4lgo5So5dtw+f0JgJX30KCNI8gwhz2J9A15wD0Ml6tjHKwf6fTSa6fAdVBdZeNOs9eJ71qCk8vA==
      }
    dev: true

  /supports-preserve-symlinks-flag/1.0.0:
    resolution:
      {
        integrity: sha512-ot0WnXS9fgdkgIcePe6RHNk1WA8+muPa6cSjeR3V8K27q9BB1rTE3R1p7Hv0z1ZyAc8s6Vvv8DIyWf681MAt0w==
      }
    engines: { node: '>= 0.4' }
    dev: true

  /svelte-french-toast/1.0.3_svelte@3.50.1:
    resolution:
      {
        integrity: sha512-HBdutlqUx5FroucvcmMJstmTJDedXayiOSXubBYW6iL5x1PdHp+bOflGx5NxsOa6+EQckJnnVv1vJYgGsg7ngQ==
      }
    dependencies:
      svelte-writable-derived: 2.1.5_svelte@3.50.1
    transitivePeerDependencies:
      - svelte
    dev: false

  /svelte-hmr/0.15.0_svelte@3.50.1:
    resolution:
      {
        integrity: sha512-Aw21SsyoohyVn4yiKXWPNCSW2DQNH/76kvUnE9kpt4h9hcg9tfyQc6xshx9hzgMfGF0kVx0EGD8oBMWSnATeOg==
      }
    engines: { node: ^12.20 || ^14.13.1 || >= 16 }
    peerDependencies:
      svelte: '>=3.19.0'
    dependencies:
      svelte: 3.50.1
    dev: true

  /svelte-writable-derived/2.1.5_svelte@3.50.1:
    resolution:
      {
        integrity: sha512-g26/W1iWj7FlLwaggNwXxHwMSf70/bHAYcpBT/EijijjakCSU9/PXmn31fL/kw2P1SzVEU6ayyCFuNYqTY3RUw==
      }
    peerDependencies:
      svelte: ^3.2.1
    dependencies:
      svelte: 3.50.1
    dev: false

  /svelte/3.50.1:
    resolution:
      {
        integrity: sha512-bS4odcsdj5D5jEg6riZuMg5NKelzPtmsCbD9RG+8umU03TeNkdWnP6pqbCm0s8UQNBkqk29w/Bdubn3C+HWSwA==
      }
    engines: { node: '>= 8' }

  /tiny-glob/0.2.9:
    resolution:
      {
        integrity: sha512-g/55ssRPUjShh+xkfx9UPDXqhckHEsHr4Vd9zX55oSdGZc/MD0m3sferOkwWtp98bv+kcVfEHtRJgBVJzelrzg==
      }
    dependencies:
      globalyzer: 0.1.0
      globrex: 0.1.2
    dev: true

  /totalist/3.0.0:
    resolution:
      {
        integrity: sha512-eM+pCBxXO/njtF7vdFsHuqb+ElbxqtI4r5EAvk6grfAFyJ6IvWlSkfZ5T9ozC6xWw3Fj1fGoSmrl0gUs46JVIw==
      }
    engines: { node: '>=6' }
    dev: true

  /undici/5.10.0:
    resolution:
      {
        integrity: sha512-c8HsD3IbwmjjbLvoZuRI26TZic+TSEe8FPMLLOkN1AfYRhdjnKBU6yL+IwcSCbdZiX4e5t0lfMDLDCqj4Sq70g==
      }
    engines: { node: '>=12.18' }
    dev: true

  /vite/3.1.3:
    resolution:
      {
        integrity: sha512-/3XWiktaopByM5bd8dqvHxRt5EEgRikevnnrpND0gRfNkrMrPaGGexhtLCzv15RcCMtV2CLw+BPas8YFeSG0KA==
      }
    engines: { node: ^14.18.0 || >=16.0.0 }
    hasBin: true
    peerDependencies:
      less: '*'
      sass: '*'
      stylus: '*'
      terser: ^5.4.0
    peerDependenciesMeta:
      less:
        optional: true
      sass:
        optional: true
      stylus:
        optional: true
      terser:
        optional: true
    dependencies:
      esbuild: 0.15.8
      postcss: 8.4.16
      resolve: 1.22.1
      rollup: 2.78.1
    optionalDependencies:
      fsevents: 2.3.2
    dev: true

  /web-streams-polyfill/3.2.1:
    resolution:
      {
        integrity: sha512-e0MO3wdXWKrLbL0DgGnUV7WHVuw9OUvL4hjgnPkIeEvESk74gAITi5G606JtZPp39cd8HA9VQzCIvA49LpPN5Q==
      }
    engines: { node: '>= 8' }
    dev: true

  /worktop/0.8.0-next.14:
    resolution:
      {
        integrity: sha512-RZgqHu1w/JcUdWOE/BUEAzarrUUHh39eWkLdX8XpA6MfgLJF6X5Vl26CV7/wcm4O/UpZvHMGJUtB9eYTqDjc9g==
      }
    engines: { node: '>=12' }
    dependencies:
      mrmime: 1.0.1
      regexparam: 2.0.1
    dev: true
